// !$*UTF8*$!
{
	archiveVersion = 1;
	classes = {
	};
	objectVersion = 52;
	objects = {

/* Begin PBXBuildFile section */
		0A2C093025A5C9BA00676695 /* Localizable.strings in Resources */ = {isa = PBXBuildFile; fileRef = 0A2C093225A5C9BA00676695 /* Localizable.strings */; };
		0A3790D0255D340B00403E5C /* Swift_IoC_Container in Frameworks */ = {isa = PBXBuildFile; productRef = 0A3790CF255D340B00403E5C /* Swift_IoC_Container */; };
		0A3790D5255D346200403E5C /* GetCommands.swift in Sources */ = {isa = PBXBuildFile; fileRef = 0A3790D4255D346200403E5C /* GetCommands.swift */; };
		0A3790DA255D352B00403E5C /* IoCConfigurator.swift in Sources */ = {isa = PBXBuildFile; fileRef = 0A3790D9255D352B00403E5C /* IoCConfigurator.swift */; };
		0A3790E2255D3EDF00403E5C /* IconButton.swift in Sources */ = {isa = PBXBuildFile; fileRef = 0A3790E1255D3EDF00403E5C /* IconButton.swift */; };
		0A3790E7255D470500403E5C /* CommandSection.swift in Sources */ = {isa = PBXBuildFile; fileRef = 0A3790E6255D470500403E5C /* CommandSection.swift */; };
		0A48032E255C6231004AE04D /* Colors.swift in Sources */ = {isa = PBXBuildFile; fileRef = 0A48032D255C6231004AE04D /* Colors.swift */; };
		0A564229255C472B00607AA9 /* AppDelegate.swift in Sources */ = {isa = PBXBuildFile; fileRef = 0A564228255C472B00607AA9 /* AppDelegate.swift */; };
		0A56422B255C472B00607AA9 /* ContentView.swift in Sources */ = {isa = PBXBuildFile; fileRef = 0A56422A255C472B00607AA9 /* ContentView.swift */; };
		0A56422D255C472F00607AA9 /* Assets.xcassets in Resources */ = {isa = PBXBuildFile; fileRef = 0A56422C255C472F00607AA9 /* Assets.xcassets */; };
		0A564230255C472F00607AA9 /* Preview Assets.xcassets in Resources */ = {isa = PBXBuildFile; fileRef = 0A56422F255C472F00607AA9 /* Preview Assets.xcassets */; };
		0A564233255C472F00607AA9 /* Main.storyboard in Resources */ = {isa = PBXBuildFile; fileRef = 0A564231255C472F00607AA9 /* Main.storyboard */; };
		0A56423F255C472F00607AA9 /* Bash_CommanderTests.swift in Sources */ = {isa = PBXBuildFile; fileRef = 0A56423E255C472F00607AA9 /* Bash_CommanderTests.swift */; };
		0A56424A255C472F00607AA9 /* Bash_CommanderUITests.swift in Sources */ = {isa = PBXBuildFile; fileRef = 0A564249255C472F00607AA9 /* Bash_CommanderUITests.swift */; };
		0A564271255C55DE00607AA9 /* BashRepository.swift in Sources */ = {isa = PBXBuildFile; fileRef = 0A564270255C55DE00607AA9 /* BashRepository.swift */; };
		0A564279255C568600607AA9 /* ExecuteCommand.swift in Sources */ = {isa = PBXBuildFile; fileRef = 0A564278255C568600607AA9 /* ExecuteCommand.swift */; };
		0A56428B255C5D7500607AA9 /* CommandCard.swift in Sources */ = {isa = PBXBuildFile; fileRef = 0A56428A255C5D7500607AA9 /* CommandCard.swift */; };
		0A564293255C5DD700607AA9 /* Commands.swift in Sources */ = {isa = PBXBuildFile; fileRef = 0A564292255C5DD700607AA9 /* Commands.swift */; };
		0A5A0D57255DA84700A19757 /* AddCommand.swift in Sources */ = {isa = PBXBuildFile; fileRef = 0A5A0D56255DA84700A19757 /* AddCommand.swift */; };
		0A5A0D66255DAE3C00A19757 /* Commands.xcdatamodeld in Sources */ = {isa = PBXBuildFile; fileRef = 0A5A0D64255DAE3C00A19757 /* Commands.xcdatamodeld */; };
		0A5A0D6B255DAF2000A19757 /* CommandsRepository.swift in Sources */ = {isa = PBXBuildFile; fileRef = 0A5A0D6A255DAF2000A19757 /* CommandsRepository.swift */; };
		0A7FBB6125A9F09A00193F3B /* GitHubButton.swift in Sources */ = {isa = PBXBuildFile; fileRef = 0A7FBB6025A9F09A00193F3B /* GitHubButton.swift */; };
		0A7FBB6625A9F0D500193F3B /* IsNewVersionAvailable.swift in Sources */ = {isa = PBXBuildFile; fileRef = 0A7FBB6525A9F0D500193F3B /* IsNewVersionAvailable.swift */; };
		0A7FBB6B25A9F12500193F3B /* GetReleaseUrl.swift in Sources */ = {isa = PBXBuildFile; fileRef = 0A7FBB6A25A9F12500193F3B /* GetReleaseUrl.swift */; };
		0A7FBB7025A9F41B00193F3B /* GitHubRepository.swift in Sources */ = {isa = PBXBuildFile; fileRef = 0A7FBB6F25A9F41B00193F3B /* GitHubRepository.swift */; };
		0A7FBB7525A9F48400193F3B /* GitHubRelease.swift in Sources */ = {isa = PBXBuildFile; fileRef = 0A7FBB7425A9F48400193F3B /* GitHubRelease.swift */; };
		0A7FBB7A25A9FA3200193F3B /* AppConfig.swift in Sources */ = {isa = PBXBuildFile; fileRef = 0A7FBB7925A9FA3200193F3B /* AppConfig.swift */; };
		0A7FBB7F25A9FB4400193F3B /* GetNewestRelease.swift in Sources */ = {isa = PBXBuildFile; fileRef = 0A7FBB7E25A9FB4400193F3B /* GetNewestRelease.swift */; };
		0A876DA225AB6AE1006064A0 /* ReverseScrollView.swift in Sources */ = {isa = PBXBuildFile; fileRef = 0A876DA125AB6AE1006064A0 /* ReverseScrollView.swift */; };
		0A920C6625A4B22400B41641 /* RxSwift in Frameworks */ = {isa = PBXBuildFile; productRef = 0A920C6525A4B22400B41641 /* RxSwift */; };
		0A920C6E25A4C12C00B41641 /* CommandOuput.swift in Sources */ = {isa = PBXBuildFile; fileRef = 0A920C6D25A4C12C00B41641 /* CommandOuput.swift */; };
		0A920C7425A4D3AE00B41641 /* ArrayExtensions.swift in Sources */ = {isa = PBXBuildFile; fileRef = 0A920C7325A4D3AE00B41641 /* ArrayExtensions.swift */; };
		0A920C8425A4D6CB00B41641 /* OutputBar.swift in Sources */ = {isa = PBXBuildFile; fileRef = 0A920C8325A4D6CB00B41641 /* OutputBar.swift */; };
		0A920C8C25A4EA4D00B41641 /* DeleteCommand.swift in Sources */ = {isa = PBXBuildFile; fileRef = 0A920C8B25A4EA4D00B41641 /* DeleteCommand.swift */; };
		0A920C9125A4EA9E00B41641 /* EditCommand.swift in Sources */ = {isa = PBXBuildFile; fileRef = 0A920C9025A4EA9E00B41641 /* EditCommand.swift */; };
		0A920C9625A4F81700B41641 /* OutputView.swift in Sources */ = {isa = PBXBuildFile; fileRef = 0A920C9525A4F81700B41641 /* OutputView.swift */; };
		0AA7CC96255ED3C8005431DE /* Command+CoreDataClass.swift in Sources */ = {isa = PBXBuildFile; fileRef = 0AA7CC94255ED3C8005431DE /* Command+CoreDataClass.swift */; };
		0AA7CC97255ED3C8005431DE /* Command+CoreDataProperties.swift in Sources */ = {isa = PBXBuildFile; fileRef = 0AA7CC95255ED3C8005431DE /* Command+CoreDataProperties.swift */; };
		0AA7CC9F255EDF1D005431DE /* GetGroups.swift in Sources */ = {isa = PBXBuildFile; fileRef = 0AA7CC9E255EDF1D005431DE /* GetGroups.swift */; };
		0AC7B607255D54510052DAF9 /* MaterialButton.swift in Sources */ = {isa = PBXBuildFile; fileRef = 0AC7B606255D54510052DAF9 /* MaterialButton.swift */; };
		0AC7B60F255D55850052DAF9 /* EditCommandView.swift in Sources */ = {isa = PBXBuildFile; fileRef = 0AC7B60E255D55850052DAF9 /* EditCommandView.swift */; };
		0AC7B614255D55CE0052DAF9 /* HomeView.swift in Sources */ = {isa = PBXBuildFile; fileRef = 0AC7B613255D55CE0052DAF9 /* HomeView.swift */; };
		0AC7B638255D977D0052DAF9 /* Navigator.swift in Sources */ = {isa = PBXBuildFile; fileRef = 0AC7B637255D977D0052DAF9 /* Navigator.swift */; };
/* End PBXBuildFile section */

/* Begin PBXContainerItemProxy section */
		0A56423B255C472F00607AA9 /* PBXContainerItemProxy */ = {
			isa = PBXContainerItemProxy;
			containerPortal = 0A56421D255C472B00607AA9 /* Project object */;
			proxyType = 1;
			remoteGlobalIDString = 0A564224255C472B00607AA9;
			remoteInfo = "Bash Commander";
		};
		0A564246255C472F00607AA9 /* PBXContainerItemProxy */ = {
			isa = PBXContainerItemProxy;
			containerPortal = 0A56421D255C472B00607AA9 /* Project object */;
			proxyType = 1;
			remoteGlobalIDString = 0A564224255C472B00607AA9;
			remoteInfo = "Bash Commander";
		};
/* End PBXContainerItemProxy section */

/* Begin PBXFileReference section */
		0A2C093125A5C9BA00676695 /* en */ = {isa = PBXFileReference; lastKnownFileType = text.plist.strings; name = en; path = en.lproj/Localizable.strings; sourceTree = "<group>"; };
		0A2C093625A5C9ED00676695 /* de */ = {isa = PBXFileReference; lastKnownFileType = text.plist.strings; name = de; path = de.lproj/Localizable.strings; sourceTree = "<group>"; };
		0A3790D4255D346200403E5C /* GetCommands.swift */ = {isa = PBXFileReference; lastKnownFileType = sourcecode.swift; path = GetCommands.swift; sourceTree = "<group>"; };
		0A3790D9255D352B00403E5C /* IoCConfigurator.swift */ = {isa = PBXFileReference; lastKnownFileType = sourcecode.swift; path = IoCConfigurator.swift; sourceTree = "<group>"; };
		0A3790E1255D3EDF00403E5C /* IconButton.swift */ = {isa = PBXFileReference; lastKnownFileType = sourcecode.swift; path = IconButton.swift; sourceTree = "<group>"; };
		0A3790E6255D470500403E5C /* CommandSection.swift */ = {isa = PBXFileReference; lastKnownFileType = sourcecode.swift; path = CommandSection.swift; sourceTree = "<group>"; };
		0A48032D255C6231004AE04D /* Colors.swift */ = {isa = PBXFileReference; lastKnownFileType = sourcecode.swift; path = Colors.swift; sourceTree = "<group>"; };
		0A564225255C472B00607AA9 /* Bash Commander.app */ = {isa = PBXFileReference; explicitFileType = wrapper.application; includeInIndex = 0; path = "Bash Commander.app"; sourceTree = BUILT_PRODUCTS_DIR; };
		0A564228255C472B00607AA9 /* AppDelegate.swift */ = {isa = PBXFileReference; lastKnownFileType = sourcecode.swift; path = AppDelegate.swift; sourceTree = "<group>"; };
		0A56422A255C472B00607AA9 /* ContentView.swift */ = {isa = PBXFileReference; lastKnownFileType = sourcecode.swift; path = ContentView.swift; sourceTree = "<group>"; };
		0A56422C255C472F00607AA9 /* Assets.xcassets */ = {isa = PBXFileReference; lastKnownFileType = folder.assetcatalog; path = Assets.xcassets; sourceTree = "<group>"; };
		0A56422F255C472F00607AA9 /* Preview Assets.xcassets */ = {isa = PBXFileReference; lastKnownFileType = folder.assetcatalog; path = "Preview Assets.xcassets"; sourceTree = "<group>"; };
		0A564232255C472F00607AA9 /* Base */ = {isa = PBXFileReference; lastKnownFileType = file.storyboard; name = Base; path = Base.lproj/Main.storyboard; sourceTree = "<group>"; };
		0A564234255C472F00607AA9 /* Info.plist */ = {isa = PBXFileReference; lastKnownFileType = text.plist.xml; path = Info.plist; sourceTree = "<group>"; };
		0A564235255C472F00607AA9 /* Bash_Commander.entitlements */ = {isa = PBXFileReference; lastKnownFileType = text.plist.entitlements; path = Bash_Commander.entitlements; sourceTree = "<group>"; };
		0A56423A255C472F00607AA9 /* Bash CommanderTests.xctest */ = {isa = PBXFileReference; explicitFileType = wrapper.cfbundle; includeInIndex = 0; path = "Bash CommanderTests.xctest"; sourceTree = BUILT_PRODUCTS_DIR; };
		0A56423E255C472F00607AA9 /* Bash_CommanderTests.swift */ = {isa = PBXFileReference; lastKnownFileType = sourcecode.swift; path = Bash_CommanderTests.swift; sourceTree = "<group>"; };
		0A564240255C472F00607AA9 /* Info.plist */ = {isa = PBXFileReference; lastKnownFileType = text.plist.xml; path = Info.plist; sourceTree = "<group>"; };
		0A564245255C472F00607AA9 /* Bash CommanderUITests.xctest */ = {isa = PBXFileReference; explicitFileType = wrapper.cfbundle; includeInIndex = 0; path = "Bash CommanderUITests.xctest"; sourceTree = BUILT_PRODUCTS_DIR; };
		0A564249255C472F00607AA9 /* Bash_CommanderUITests.swift */ = {isa = PBXFileReference; lastKnownFileType = sourcecode.swift; path = Bash_CommanderUITests.swift; sourceTree = "<group>"; };
		0A56424B255C472F00607AA9 /* Info.plist */ = {isa = PBXFileReference; lastKnownFileType = text.plist.xml; path = Info.plist; sourceTree = "<group>"; };
		0A564270255C55DE00607AA9 /* BashRepository.swift */ = {isa = PBXFileReference; lastKnownFileType = sourcecode.swift; path = BashRepository.swift; sourceTree = "<group>"; };
		0A564278255C568600607AA9 /* ExecuteCommand.swift */ = {isa = PBXFileReference; lastKnownFileType = sourcecode.swift; path = ExecuteCommand.swift; sourceTree = "<group>"; };
		0A56428A255C5D7500607AA9 /* CommandCard.swift */ = {isa = PBXFileReference; lastKnownFileType = sourcecode.swift; path = CommandCard.swift; sourceTree = "<group>"; };
		0A564292255C5DD700607AA9 /* Commands.swift */ = {isa = PBXFileReference; lastKnownFileType = sourcecode.swift; path = Commands.swift; sourceTree = "<group>"; };
		0A5A0D56255DA84700A19757 /* AddCommand.swift */ = {isa = PBXFileReference; lastKnownFileType = sourcecode.swift; path = AddCommand.swift; sourceTree = "<group>"; };
		0A5A0D65255DAE3C00A19757 /* Commands.xcdatamodel */ = {isa = PBXFileReference; lastKnownFileType = wrapper.xcdatamodel; path = Commands.xcdatamodel; sourceTree = "<group>"; };
		0A5A0D6A255DAF2000A19757 /* CommandsRepository.swift */ = {isa = PBXFileReference; lastKnownFileType = sourcecode.swift; path = CommandsRepository.swift; sourceTree = "<group>"; };
		0A7FBB6025A9F09A00193F3B /* GitHubButton.swift */ = {isa = PBXFileReference; lastKnownFileType = sourcecode.swift; path = GitHubButton.swift; sourceTree = "<group>"; };
		0A7FBB6525A9F0D500193F3B /* IsNewVersionAvailable.swift */ = {isa = PBXFileReference; lastKnownFileType = sourcecode.swift; path = IsNewVersionAvailable.swift; sourceTree = "<group>"; };
		0A7FBB6A25A9F12500193F3B /* GetReleaseUrl.swift */ = {isa = PBXFileReference; lastKnownFileType = sourcecode.swift; path = GetReleaseUrl.swift; sourceTree = "<group>"; };
		0A7FBB6F25A9F41B00193F3B /* GitHubRepository.swift */ = {isa = PBXFileReference; lastKnownFileType = sourcecode.swift; path = GitHubRepository.swift; sourceTree = "<group>"; };
		0A7FBB7425A9F48400193F3B /* GitHubRelease.swift */ = {isa = PBXFileReference; lastKnownFileType = sourcecode.swift; path = GitHubRelease.swift; sourceTree = "<group>"; };
		0A7FBB7925A9FA3200193F3B /* AppConfig.swift */ = {isa = PBXFileReference; lastKnownFileType = sourcecode.swift; path = AppConfig.swift; sourceTree = "<group>"; };
		0A7FBB7E25A9FB4400193F3B /* GetNewestRelease.swift */ = {isa = PBXFileReference; lastKnownFileType = sourcecode.swift; path = GetNewestRelease.swift; sourceTree = "<group>"; };
		0A876DA125AB6AE1006064A0 /* ReverseScrollView.swift */ = {isa = PBXFileReference; lastKnownFileType = sourcecode.swift; path = ReverseScrollView.swift; sourceTree = "<group>"; };
		0A920C6D25A4C12C00B41641 /* CommandOuput.swift */ = {isa = PBXFileReference; lastKnownFileType = sourcecode.swift; path = CommandOuput.swift; sourceTree = "<group>"; };
		0A920C7325A4D3AE00B41641 /* ArrayExtensions.swift */ = {isa = PBXFileReference; lastKnownFileType = sourcecode.swift; path = ArrayExtensions.swift; sourceTree = "<group>"; };
		0A920C8325A4D6CB00B41641 /* OutputBar.swift */ = {isa = PBXFileReference; lastKnownFileType = sourcecode.swift; path = OutputBar.swift; sourceTree = "<group>"; };
		0A920C8B25A4EA4D00B41641 /* DeleteCommand.swift */ = {isa = PBXFileReference; lastKnownFileType = sourcecode.swift; path = DeleteCommand.swift; sourceTree = "<group>"; };
		0A920C9025A4EA9E00B41641 /* EditCommand.swift */ = {isa = PBXFileReference; lastKnownFileType = sourcecode.swift; path = EditCommand.swift; sourceTree = "<group>"; };
		0A920C9525A4F81700B41641 /* OutputView.swift */ = {isa = PBXFileReference; lastKnownFileType = sourcecode.swift; path = OutputView.swift; sourceTree = "<group>"; };
		0AA7CC94255ED3C8005431DE /* Command+CoreDataClass.swift */ = {isa = PBXFileReference; lastKnownFileType = sourcecode.swift; path = "Command+CoreDataClass.swift"; sourceTree = "<group>"; };
		0AA7CC95255ED3C8005431DE /* Command+CoreDataProperties.swift */ = {isa = PBXFileReference; lastKnownFileType = sourcecode.swift; path = "Command+CoreDataProperties.swift"; sourceTree = "<group>"; };
		0AA7CC9E255EDF1D005431DE /* GetGroups.swift */ = {isa = PBXFileReference; lastKnownFileType = sourcecode.swift; path = GetGroups.swift; sourceTree = "<group>"; };
		0AC7B606255D54510052DAF9 /* MaterialButton.swift */ = {isa = PBXFileReference; lastKnownFileType = sourcecode.swift; path = MaterialButton.swift; sourceTree = "<group>"; };
		0AC7B60E255D55850052DAF9 /* EditCommandView.swift */ = {isa = PBXFileReference; lastKnownFileType = sourcecode.swift; path = EditCommandView.swift; sourceTree = "<group>"; };
		0AC7B613255D55CE0052DAF9 /* HomeView.swift */ = {isa = PBXFileReference; lastKnownFileType = sourcecode.swift; path = HomeView.swift; sourceTree = "<group>"; };
		0AC7B637255D977D0052DAF9 /* Navigator.swift */ = {isa = PBXFileReference; lastKnownFileType = sourcecode.swift; path = Navigator.swift; sourceTree = "<group>"; };
/* End PBXFileReference section */

/* Begin PBXFrameworksBuildPhase section */
		0A564222255C472B00607AA9 /* Frameworks */ = {
			isa = PBXFrameworksBuildPhase;
			buildActionMask = 2147483647;
			files = (
				0A920C6625A4B22400B41641 /* RxSwift in Frameworks */,
				0A3790D0255D340B00403E5C /* Swift_IoC_Container in Frameworks */,
			);
			runOnlyForDeploymentPostprocessing = 0;
		};
		0A564237255C472F00607AA9 /* Frameworks */ = {
			isa = PBXFrameworksBuildPhase;
			buildActionMask = 2147483647;
			files = (
			);
			runOnlyForDeploymentPostprocessing = 0;
		};
		0A564242255C472F00607AA9 /* Frameworks */ = {
			isa = PBXFrameworksBuildPhase;
			buildActionMask = 2147483647;
			files = (
			);
			runOnlyForDeploymentPostprocessing = 0;
		};
/* End PBXFrameworksBuildPhase section */

/* Begin PBXGroup section */
		0A56421C255C472B00607AA9 = {
			isa = PBXGroup;
			children = (
				0A564227255C472B00607AA9 /* Bash Commander */,
				0A56423D255C472F00607AA9 /* Bash CommanderTests */,
				0A564248255C472F00607AA9 /* Bash CommanderUITests */,
				0A564226255C472B00607AA9 /* Products */,
			);
			sourceTree = "<group>";
		};
		0A564226255C472B00607AA9 /* Products */ = {
			isa = PBXGroup;
			children = (
				0A564225255C472B00607AA9 /* Bash Commander.app */,
				0A56423A255C472F00607AA9 /* Bash CommanderTests.xctest */,
				0A564245255C472F00607AA9 /* Bash CommanderUITests.xctest */,
			);
			name = Products;
			sourceTree = "<group>";
		};
		0A564227255C472B00607AA9 /* Bash Commander */ = {
			isa = PBXGroup;
			children = (
				0A920C7225A4D3A100B41641 /* utils */,
				0A56426E255C55CE00607AA9 /* data */,
				0A56426F255C55D400607AA9 /* domain */,
				0A56425F255C552300607AA9 /* models */,
				0A564260255C552C00607AA9 /* presentation */,
				0A564228255C472B00607AA9 /* AppDelegate.swift */,
				0A56422C255C472F00607AA9 /* Assets.xcassets */,
				0A564231255C472F00607AA9 /* Main.storyboard */,
				0A564234255C472F00607AA9 /* Info.plist */,
				0A564235255C472F00607AA9 /* Bash_Commander.entitlements */,
				0A56422E255C472F00607AA9 /* Preview Content */,
				0A3790D9255D352B00403E5C /* IoCConfigurator.swift */,
				0A5A0D64255DAE3C00A19757 /* Commands.xcdatamodeld */,
				0A2C093225A5C9BA00676695 /* Localizable.strings */,
			);
			path = "Bash Commander";
			sourceTree = "<group>";
		};
		0A56422E255C472F00607AA9 /* Preview Content */ = {
			isa = PBXGroup;
			children = (
				0A56422F255C472F00607AA9 /* Preview Assets.xcassets */,
			);
			path = "Preview Content";
			sourceTree = "<group>";
		};
		0A56423D255C472F00607AA9 /* Bash CommanderTests */ = {
			isa = PBXGroup;
			children = (
				0A56423E255C472F00607AA9 /* Bash_CommanderTests.swift */,
				0A564240255C472F00607AA9 /* Info.plist */,
			);
			path = "Bash CommanderTests";
			sourceTree = "<group>";
		};
		0A564248255C472F00607AA9 /* Bash CommanderUITests */ = {
			isa = PBXGroup;
			children = (
				0A564249255C472F00607AA9 /* Bash_CommanderUITests.swift */,
				0A56424B255C472F00607AA9 /* Info.plist */,
			);
			path = "Bash CommanderUITests";
			sourceTree = "<group>";
		};
		0A56425F255C552300607AA9 /* models */ = {
			isa = PBXGroup;
			children = (
				0AA7CC94255ED3C8005431DE /* Command+CoreDataClass.swift */,
				0AA7CC95255ED3C8005431DE /* Command+CoreDataProperties.swift */,
				0A920C6D25A4C12C00B41641 /* CommandOuput.swift */,
				0A7FBB7425A9F48400193F3B /* GitHubRelease.swift */,
				0A7FBB7925A9FA3200193F3B /* AppConfig.swift */,
			);
			path = models;
			sourceTree = "<group>";
		};
		0A564260255C552C00607AA9 /* presentation */ = {
			isa = PBXGroup;
			children = (
				0AC7B63E255DA2110052DAF9 /* new */,
				0AC7B63D255DA1EE0052DAF9 /* common */,
				0AC7B63C255DA1E80052DAF9 /* home */,
				0A56422A255C472B00607AA9 /* ContentView.swift */,
				0A48032D255C6231004AE04D /* Colors.swift */,
				0AC7B637255D977D0052DAF9 /* Navigator.swift */,
				0A920C9525A4F81700B41641 /* OutputView.swift */,
			);
			path = presentation;
			sourceTree = "<group>";
		};
		0A56426E255C55CE00607AA9 /* data */ = {
			isa = PBXGroup;
			children = (
				0A564270255C55DE00607AA9 /* BashRepository.swift */,
				0A5A0D6A255DAF2000A19757 /* CommandsRepository.swift */,
				0A7FBB6F25A9F41B00193F3B /* GitHubRepository.swift */,
			);
			path = data;
			sourceTree = "<group>";
		};
		0A56426F255C55D400607AA9 /* domain */ = {
			isa = PBXGroup;
			children = (
				0A564278255C568600607AA9 /* ExecuteCommand.swift */,
				0A3790D4255D346200403E5C /* GetCommands.swift */,
				0A5A0D56255DA84700A19757 /* AddCommand.swift */,
				0AA7CC9E255EDF1D005431DE /* GetGroups.swift */,
				0A920C8B25A4EA4D00B41641 /* DeleteCommand.swift */,
				0A920C9025A4EA9E00B41641 /* EditCommand.swift */,
				0A7FBB6525A9F0D500193F3B /* IsNewVersionAvailable.swift */,
				0A7FBB6A25A9F12500193F3B /* GetReleaseUrl.swift */,
				0A7FBB7E25A9FB4400193F3B /* GetNewestRelease.swift */,
			);
			path = domain;
			sourceTree = "<group>";
		};
		0A920C7225A4D3A100B41641 /* utils */ = {
			isa = PBXGroup;
			children = (
				0A920C7325A4D3AE00B41641 /* ArrayExtensions.swift */,
			);
			path = utils;
			sourceTree = "<group>";
		};
		0AC7B63C255DA1E80052DAF9 /* home */ = {
			isa = PBXGroup;
			children = (
				0A3790E6255D470500403E5C /* CommandSection.swift */,
				0AC7B613255D55CE0052DAF9 /* HomeView.swift */,
				0A56428A255C5D7500607AA9 /* CommandCard.swift */,
				0A564292255C5DD700607AA9 /* Commands.swift */,
				0A920C8325A4D6CB00B41641 /* OutputBar.swift */,
				0A7FBB6025A9F09A00193F3B /* GitHubButton.swift */,
			);
			path = home;
			sourceTree = "<group>";
		};
		0AC7B63D255DA1EE0052DAF9 /* common */ = {
			isa = PBXGroup;
			children = (
				0AC7B606255D54510052DAF9 /* MaterialButton.swift */,
				0A3790E1255D3EDF00403E5C /* IconButton.swift */,
				0A876DA125AB6AE1006064A0 /* ReverseScrollView.swift */,
			);
			path = common;
			sourceTree = "<group>";
		};
		0AC7B63E255DA2110052DAF9 /* new */ = {
			isa = PBXGroup;
			children = (
				0AC7B60E255D55850052DAF9 /* EditCommandView.swift */,
			);
			path = new;
			sourceTree = "<group>";
		};
/* End PBXGroup section */

/* Begin PBXNativeTarget section */
		0A564224255C472B00607AA9 /* Bash Commander */ = {
			isa = PBXNativeTarget;
			buildConfigurationList = 0A56424E255C472F00607AA9 /* Build configuration list for PBXNativeTarget "Bash Commander" */;
			buildPhases = (
				0A564221255C472B00607AA9 /* Sources */,
				0A564222255C472B00607AA9 /* Frameworks */,
				0A564223255C472B00607AA9 /* Resources */,
			);
			buildRules = (
			);
			dependencies = (
			);
			name = "Bash Commander";
			packageProductDependencies = (
				0A3790CF255D340B00403E5C /* Swift_IoC_Container */,
				0A920C6525A4B22400B41641 /* RxSwift */,
			);
			productName = "Bash Commander";
			productReference = 0A564225255C472B00607AA9 /* Bash Commander.app */;
			productType = "com.apple.product-type.application";
		};
		0A564239255C472F00607AA9 /* Bash CommanderTests */ = {
			isa = PBXNativeTarget;
			buildConfigurationList = 0A564251255C472F00607AA9 /* Build configuration list for PBXNativeTarget "Bash CommanderTests" */;
			buildPhases = (
				0A564236255C472F00607AA9 /* Sources */,
				0A564237255C472F00607AA9 /* Frameworks */,
				0A564238255C472F00607AA9 /* Resources */,
			);
			buildRules = (
			);
			dependencies = (
				0A56423C255C472F00607AA9 /* PBXTargetDependency */,
			);
			name = "Bash CommanderTests";
			productName = "Bash CommanderTests";
			productReference = 0A56423A255C472F00607AA9 /* Bash CommanderTests.xctest */;
			productType = "com.apple.product-type.bundle.unit-test";
		};
		0A564244255C472F00607AA9 /* Bash CommanderUITests */ = {
			isa = PBXNativeTarget;
			buildConfigurationList = 0A564254255C472F00607AA9 /* Build configuration list for PBXNativeTarget "Bash CommanderUITests" */;
			buildPhases = (
				0A564241255C472F00607AA9 /* Sources */,
				0A564242255C472F00607AA9 /* Frameworks */,
				0A564243255C472F00607AA9 /* Resources */,
			);
			buildRules = (
			);
			dependencies = (
				0A564247255C472F00607AA9 /* PBXTargetDependency */,
			);
			name = "Bash CommanderUITests";
			productName = "Bash CommanderUITests";
			productReference = 0A564245255C472F00607AA9 /* Bash CommanderUITests.xctest */;
			productType = "com.apple.product-type.bundle.ui-testing";
		};
/* End PBXNativeTarget section */

/* Begin PBXProject section */
		0A56421D255C472B00607AA9 /* Project object */ = {
			isa = PBXProject;
			attributes = {
				LastSwiftUpdateCheck = 1210;
				LastUpgradeCheck = 1210;
				TargetAttributes = {
					0A564224255C472B00607AA9 = {
						CreatedOnToolsVersion = 12.1;
					};
					0A564239255C472F00607AA9 = {
						CreatedOnToolsVersion = 12.1;
						TestTargetID = 0A564224255C472B00607AA9;
					};
					0A564244255C472F00607AA9 = {
						CreatedOnToolsVersion = 12.1;
						TestTargetID = 0A564224255C472B00607AA9;
					};
				};
			};
			buildConfigurationList = 0A564220255C472B00607AA9 /* Build configuration list for PBXProject "Bash Commander" */;
			compatibilityVersion = "Xcode 9.3";
			developmentRegion = en;
			hasScannedForEncodings = 0;
			knownRegions = (
				en,
				Base,
				de,
			);
			mainGroup = 0A56421C255C472B00607AA9;
			packageReferences = (
				0A3790CE255D340B00403E5C /* XCRemoteSwiftPackageReference "swift-ioc-container" */,
				0A920C6425A4B22400B41641 /* XCRemoteSwiftPackageReference "RxSwift" */,
			);
			productRefGroup = 0A564226255C472B00607AA9 /* Products */;
			projectDirPath = "";
			projectRoot = "";
			targets = (
				0A564224255C472B00607AA9 /* Bash Commander */,
				0A564239255C472F00607AA9 /* Bash CommanderTests */,
				0A564244255C472F00607AA9 /* Bash CommanderUITests */,
			);
		};
/* End PBXProject section */

/* Begin PBXResourcesBuildPhase section */
		0A564223255C472B00607AA9 /* Resources */ = {
			isa = PBXResourcesBuildPhase;
			buildActionMask = 2147483647;
			files = (
				0A564233255C472F00607AA9 /* Main.storyboard in Resources */,
				0A2C093025A5C9BA00676695 /* Localizable.strings in Resources */,
				0A564230255C472F00607AA9 /* Preview Assets.xcassets in Resources */,
				0A56422D255C472F00607AA9 /* Assets.xcassets in Resources */,
			);
			runOnlyForDeploymentPostprocessing = 0;
		};
		0A564238255C472F00607AA9 /* Resources */ = {
			isa = PBXResourcesBuildPhase;
			buildActionMask = 2147483647;
			files = (
			);
			runOnlyForDeploymentPostprocessing = 0;
		};
		0A564243255C472F00607AA9 /* Resources */ = {
			isa = PBXResourcesBuildPhase;
			buildActionMask = 2147483647;
			files = (
			);
			runOnlyForDeploymentPostprocessing = 0;
		};
/* End PBXResourcesBuildPhase section */

/* Begin PBXSourcesBuildPhase section */
		0A564221255C472B00607AA9 /* Sources */ = {
			isa = PBXSourcesBuildPhase;
			buildActionMask = 2147483647;
			files = (
				0A7FBB6625A9F0D500193F3B /* IsNewVersionAvailable.swift in Sources */,
				0A7FBB6125A9F09A00193F3B /* GitHubButton.swift in Sources */,
				0A7FBB7F25A9FB4400193F3B /* GetNewestRelease.swift in Sources */,
				0AC7B607255D54510052DAF9 /* MaterialButton.swift in Sources */,
				0A920C9125A4EA9E00B41641 /* EditCommand.swift in Sources */,
				0AC7B638255D977D0052DAF9 /* Navigator.swift in Sources */,
				0AA7CC9F255EDF1D005431DE /* GetGroups.swift in Sources */,
				0A7FBB6B25A9F12500193F3B /* GetReleaseUrl.swift in Sources */,
				0A56428B255C5D7500607AA9 /* CommandCard.swift in Sources */,
				0A920C7425A4D3AE00B41641 /* ArrayExtensions.swift in Sources */,
				0A5A0D57255DA84700A19757 /* AddCommand.swift in Sources */,
				0A3790E7255D470500403E5C /* CommandSection.swift in Sources */,
				0A5A0D6B255DAF2000A19757 /* CommandsRepository.swift in Sources */,
				0A920C8425A4D6CB00B41641 /* OutputBar.swift in Sources */,
				0A48032E255C6231004AE04D /* Colors.swift in Sources */,
				0A564293255C5DD700607AA9 /* Commands.swift in Sources */,
				0A7FBB7025A9F41B00193F3B /* GitHubRepository.swift in Sources */,
				0A56422B255C472B00607AA9 /* ContentView.swift in Sources */,
				0A564271255C55DE00607AA9 /* BashRepository.swift in Sources */,
				0A7FBB7525A9F48400193F3B /* GitHubRelease.swift in Sources */,
				0A564279255C568600607AA9 /* ExecuteCommand.swift in Sources */,
				0A5A0D66255DAE3C00A19757 /* Commands.xcdatamodeld in Sources */,
				0A3790E2255D3EDF00403E5C /* IconButton.swift in Sources */,
				0A920C9625A4F81700B41641 /* OutputView.swift in Sources */,
				0A920C8C25A4EA4D00B41641 /* DeleteCommand.swift in Sources */,
				0A7FBB7A25A9FA3200193F3B /* AppConfig.swift in Sources */,
				0A564229255C472B00607AA9 /* AppDelegate.swift in Sources */,
				0A876DA225AB6AE1006064A0 /* ReverseScrollView.swift in Sources */,
				0AA7CC97255ED3C8005431DE /* Command+CoreDataProperties.swift in Sources */,
				0A3790D5255D346200403E5C /* GetCommands.swift in Sources */,
				0A3790DA255D352B00403E5C /* IoCConfigurator.swift in Sources */,
				0AC7B614255D55CE0052DAF9 /* HomeView.swift in Sources */,
				0AC7B60F255D55850052DAF9 /* EditCommandView.swift in Sources */,
				0AA7CC96255ED3C8005431DE /* Command+CoreDataClass.swift in Sources */,
				0A920C6E25A4C12C00B41641 /* CommandOuput.swift in Sources */,
			);
			runOnlyForDeploymentPostprocessing = 0;
		};
		0A564236255C472F00607AA9 /* Sources */ = {
			isa = PBXSourcesBuildPhase;
			buildActionMask = 2147483647;
			files = (
				0A56423F255C472F00607AA9 /* Bash_CommanderTests.swift in Sources */,
			);
			runOnlyForDeploymentPostprocessing = 0;
		};
		0A564241255C472F00607AA9 /* Sources */ = {
			isa = PBXSourcesBuildPhase;
			buildActionMask = 2147483647;
			files = (
				0A56424A255C472F00607AA9 /* Bash_CommanderUITests.swift in Sources */,
			);
			runOnlyForDeploymentPostprocessing = 0;
		};
/* End PBXSourcesBuildPhase section */

/* Begin PBXTargetDependency section */
		0A56423C255C472F00607AA9 /* PBXTargetDependency */ = {
			isa = PBXTargetDependency;
			target = 0A564224255C472B00607AA9 /* Bash Commander */;
			targetProxy = 0A56423B255C472F00607AA9 /* PBXContainerItemProxy */;
		};
		0A564247255C472F00607AA9 /* PBXTargetDependency */ = {
			isa = PBXTargetDependency;
			target = 0A564224255C472B00607AA9 /* Bash Commander */;
			targetProxy = 0A564246255C472F00607AA9 /* PBXContainerItemProxy */;
		};
/* End PBXTargetDependency section */

/* Begin PBXVariantGroup section */
		0A2C093225A5C9BA00676695 /* Localizable.strings */ = {
			isa = PBXVariantGroup;
			children = (
				0A2C093125A5C9BA00676695 /* en */,
				0A2C093625A5C9ED00676695 /* de */,
			);
			name = Localizable.strings;
			sourceTree = "<group>";
		};
		0A564231255C472F00607AA9 /* Main.storyboard */ = {
			isa = PBXVariantGroup;
			children = (
				0A564232255C472F00607AA9 /* Base */,
			);
			name = Main.storyboard;
			sourceTree = "<group>";
		};
/* End PBXVariantGroup section */

/* Begin XCBuildConfiguration section */
		0A56424C255C472F00607AA9 /* Debug */ = {
			isa = XCBuildConfiguration;
			buildSettings = {
				ALWAYS_SEARCH_USER_PATHS = NO;
				CLANG_ANALYZER_LOCALIZABILITY_NONLOCALIZED = YES;
				CLANG_ANALYZER_NONNULL = YES;
				CLANG_ANALYZER_NUMBER_OBJECT_CONVERSION = YES_AGGRESSIVE;
				CLANG_CXX_LANGUAGE_STANDARD = "gnu++14";
				CLANG_CXX_LIBRARY = "libc++";
				CLANG_ENABLE_MODULES = YES;
				CLANG_ENABLE_OBJC_ARC = YES;
				CLANG_ENABLE_OBJC_WEAK = YES;
				CLANG_WARN_BLOCK_CAPTURE_AUTORELEASING = YES;
				CLANG_WARN_BOOL_CONVERSION = YES;
				CLANG_WARN_COMMA = YES;
				CLANG_WARN_CONSTANT_CONVERSION = YES;
				CLANG_WARN_DEPRECATED_OBJC_IMPLEMENTATIONS = YES;
				CLANG_WARN_DIRECT_OBJC_ISA_USAGE = YES_ERROR;
				CLANG_WARN_DOCUMENTATION_COMMENTS = YES;
				CLANG_WARN_EMPTY_BODY = YES;
				CLANG_WARN_ENUM_CONVERSION = YES;
				CLANG_WARN_INFINITE_RECURSION = YES;
				CLANG_WARN_INT_CONVERSION = YES;
				CLANG_WARN_NON_LITERAL_NULL_CONVERSION = YES;
				CLANG_WARN_OBJC_IMPLICIT_RETAIN_SELF = YES;
				CLANG_WARN_OBJC_LITERAL_CONVERSION = YES;
				CLANG_WARN_OBJC_ROOT_CLASS = YES_ERROR;
				CLANG_WARN_QUOTED_INCLUDE_IN_FRAMEWORK_HEADER = YES;
				CLANG_WARN_RANGE_LOOP_ANALYSIS = YES;
				CLANG_WARN_STRICT_PROTOTYPES = YES;
				CLANG_WARN_SUSPICIOUS_MOVE = YES;
				CLANG_WARN_UNGUARDED_AVAILABILITY = YES_AGGRESSIVE;
				CLANG_WARN_UNREACHABLE_CODE = YES;
				CLANG_WARN__DUPLICATE_METHOD_MATCH = YES;
				COPY_PHASE_STRIP = NO;
				DEBUG_INFORMATION_FORMAT = dwarf;
				ENABLE_STRICT_OBJC_MSGSEND = YES;
				ENABLE_TESTABILITY = YES;
				GCC_C_LANGUAGE_STANDARD = gnu11;
				GCC_DYNAMIC_NO_PIC = NO;
				GCC_NO_COMMON_BLOCKS = YES;
				GCC_OPTIMIZATION_LEVEL = 0;
				GCC_PREPROCESSOR_DEFINITIONS = (
					"DEBUG=1",
					"$(inherited)",
				);
				GCC_WARN_64_TO_32_BIT_CONVERSION = YES;
				GCC_WARN_ABOUT_RETURN_TYPE = YES_ERROR;
				GCC_WARN_UNDECLARED_SELECTOR = YES;
				GCC_WARN_UNINITIALIZED_AUTOS = YES_AGGRESSIVE;
				GCC_WARN_UNUSED_FUNCTION = YES;
				GCC_WARN_UNUSED_VARIABLE = YES;
				MACOSX_DEPLOYMENT_TARGET = 10.15;
				MTL_ENABLE_DEBUG_INFO = INCLUDE_SOURCE;
				MTL_FAST_MATH = YES;
				ONLY_ACTIVE_ARCH = YES;
				SDKROOT = macosx;
				SWIFT_ACTIVE_COMPILATION_CONDITIONS = DEBUG;
				SWIFT_OPTIMIZATION_LEVEL = "-Onone";
			};
			name = Debug;
		};
		0A56424D255C472F00607AA9 /* Release */ = {
			isa = XCBuildConfiguration;
			buildSettings = {
				ALWAYS_SEARCH_USER_PATHS = NO;
				CLANG_ANALYZER_LOCALIZABILITY_NONLOCALIZED = YES;
				CLANG_ANALYZER_NONNULL = YES;
				CLANG_ANALYZER_NUMBER_OBJECT_CONVERSION = YES_AGGRESSIVE;
				CLANG_CXX_LANGUAGE_STANDARD = "gnu++14";
				CLANG_CXX_LIBRARY = "libc++";
				CLANG_ENABLE_MODULES = YES;
				CLANG_ENABLE_OBJC_ARC = YES;
				CLANG_ENABLE_OBJC_WEAK = YES;
				CLANG_WARN_BLOCK_CAPTURE_AUTORELEASING = YES;
				CLANG_WARN_BOOL_CONVERSION = YES;
				CLANG_WARN_COMMA = YES;
				CLANG_WARN_CONSTANT_CONVERSION = YES;
				CLANG_WARN_DEPRECATED_OBJC_IMPLEMENTATIONS = YES;
				CLANG_WARN_DIRECT_OBJC_ISA_USAGE = YES_ERROR;
				CLANG_WARN_DOCUMENTATION_COMMENTS = YES;
				CLANG_WARN_EMPTY_BODY = YES;
				CLANG_WARN_ENUM_CONVERSION = YES;
				CLANG_WARN_INFINITE_RECURSION = YES;
				CLANG_WARN_INT_CONVERSION = YES;
				CLANG_WARN_NON_LITERAL_NULL_CONVERSION = YES;
				CLANG_WARN_OBJC_IMPLICIT_RETAIN_SELF = YES;
				CLANG_WARN_OBJC_LITERAL_CONVERSION = YES;
				CLANG_WARN_OBJC_ROOT_CLASS = YES_ERROR;
				CLANG_WARN_QUOTED_INCLUDE_IN_FRAMEWORK_HEADER = YES;
				CLANG_WARN_RANGE_LOOP_ANALYSIS = YES;
				CLANG_WARN_STRICT_PROTOTYPES = YES;
				CLANG_WARN_SUSPICIOUS_MOVE = YES;
				CLANG_WARN_UNGUARDED_AVAILABILITY = YES_AGGRESSIVE;
				CLANG_WARN_UNREACHABLE_CODE = YES;
				CLANG_WARN__DUPLICATE_METHOD_MATCH = YES;
				COPY_PHASE_STRIP = NO;
				DEBUG_INFORMATION_FORMAT = "dwarf-with-dsym";
				ENABLE_NS_ASSERTIONS = NO;
				ENABLE_STRICT_OBJC_MSGSEND = YES;
				GCC_C_LANGUAGE_STANDARD = gnu11;
				GCC_NO_COMMON_BLOCKS = YES;
				GCC_WARN_64_TO_32_BIT_CONVERSION = YES;
				GCC_WARN_ABOUT_RETURN_TYPE = YES_ERROR;
				GCC_WARN_UNDECLARED_SELECTOR = YES;
				GCC_WARN_UNINITIALIZED_AUTOS = YES_AGGRESSIVE;
				GCC_WARN_UNUSED_FUNCTION = YES;
				GCC_WARN_UNUSED_VARIABLE = YES;
				MACOSX_DEPLOYMENT_TARGET = 10.15;
				MTL_ENABLE_DEBUG_INFO = NO;
				MTL_FAST_MATH = YES;
				SDKROOT = macosx;
				SWIFT_COMPILATION_MODE = wholemodule;
				SWIFT_OPTIMIZATION_LEVEL = "-O";
			};
			name = Release;
		};
		0A56424F255C472F00607AA9 /* Debug */ = {
			isa = XCBuildConfiguration;
			buildSettings = {
				ASSETCATALOG_COMPILER_APPICON_NAME = AppIcon;
				ASSETCATALOG_COMPILER_GLOBAL_ACCENT_COLOR_NAME = AccentColor;
				CODE_SIGN_ENTITLEMENTS = "Bash Commander/Bash_Commander.entitlements";
				CODE_SIGN_IDENTITY = "Apple Development";
				CODE_SIGN_STYLE = Automatic;
				COMBINE_HIDPI_IMAGES = YES;
				DEVELOPMENT_ASSET_PATHS = "\"Bash Commander/Preview Content\"";
				DEVELOPMENT_TEAM = LKA83YJF42;
				ENABLE_HARDENED_RUNTIME = YES;
				ENABLE_PREVIEWS = YES;
				INFOPLIST_FILE = "Bash Commander/Info.plist";
				LD_RUNPATH_SEARCH_PATHS = (
					"$(inherited)",
					"@executable_path/../Frameworks",
				);
				MACOSX_DEPLOYMENT_TARGET = 10.15;
				MARKETING_VERSION = 1.1.0;
				PRODUCT_BUNDLE_IDENTIFIER = de.mafo.bash;
				PRODUCT_NAME = "$(TARGET_NAME)";
				PROVISIONING_PROFILE_SPECIFIER = "";
				SKIP_INSTALL = NO;
				SWIFT_VERSION = 5.0;
			};
			name = Debug;
		};
		0A564250255C472F00607AA9 /* Release */ = {
			isa = XCBuildConfiguration;
			buildSettings = {
				ASSETCATALOG_COMPILER_APPICON_NAME = AppIcon;
				ASSETCATALOG_COMPILER_GLOBAL_ACCENT_COLOR_NAME = AccentColor;
				CODE_SIGN_ENTITLEMENTS = "Bash Commander/Bash_Commander.entitlements";
				CODE_SIGN_IDENTITY = "Developer ID Application";
				CODE_SIGN_STYLE = Manual;
				COMBINE_HIDPI_IMAGES = YES;
				DEVELOPMENT_ASSET_PATHS = "\"Bash Commander/Preview Content\"";
				DEVELOPMENT_TEAM = LKA83YJF42;
				ENABLE_HARDENED_RUNTIME = YES;
				ENABLE_PREVIEWS = YES;
				INFOPLIST_FILE = "Bash Commander/Info.plist";
				LD_RUNPATH_SEARCH_PATHS = (
					"$(inherited)",
					"@executable_path/../Frameworks",
				);
				MACOSX_DEPLOYMENT_TARGET = 10.15;
				MARKETING_VERSION = 1.1.0;
				PRODUCT_BUNDLE_IDENTIFIER = de.mafo.bash;
				PRODUCT_NAME = "$(TARGET_NAME)";
				PROVISIONING_PROFILE_SPECIFIER = "";
				SKIP_INSTALL = NO;
				SWIFT_VERSION = 5.0;
			};
			name = Release;
		};
		0A564252255C472F00607AA9 /* Debug */ = {
			isa = XCBuildConfiguration;
			buildSettings = {
				ALWAYS_EMBED_SWIFT_STANDARD_LIBRARIES = YES;
				BUNDLE_LOADER = "$(TEST_HOST)";
				CODE_SIGN_STYLE = Automatic;
				COMBINE_HIDPI_IMAGES = YES;
				INFOPLIST_FILE = "Bash CommanderTests/Info.plist";
				LD_RUNPATH_SEARCH_PATHS = (
					"$(inherited)",
					"@executable_path/../Frameworks",
					"@loader_path/../Frameworks",
				);
				MACOSX_DEPLOYMENT_TARGET = 10.15;
				PRODUCT_BUNDLE_IDENTIFIER = "de.brickmakers.Bash-CommanderTests";
				PRODUCT_NAME = "$(TARGET_NAME)";
				SWIFT_VERSION = 5.0;
				TEST_HOST = "$(BUILT_PRODUCTS_DIR)/Bash Commander.app/Contents/MacOS/Bash Commander";
			};
			name = Debug;
		};
		0A564253255C472F00607AA9 /* Release */ = {
			isa = XCBuildConfiguration;
			buildSettings = {
				ALWAYS_EMBED_SWIFT_STANDARD_LIBRARIES = YES;
				BUNDLE_LOADER = "$(TEST_HOST)";
				CODE_SIGN_STYLE = Automatic;
				COMBINE_HIDPI_IMAGES = YES;
				INFOPLIST_FILE = "Bash CommanderTests/Info.plist";
				LD_RUNPATH_SEARCH_PATHS = (
					"$(inherited)",
					"@executable_path/../Frameworks",
					"@loader_path/../Frameworks",
				);
				MACOSX_DEPLOYMENT_TARGET = 10.15;
				PRODUCT_BUNDLE_IDENTIFIER = "de.brickmakers.Bash-CommanderTests";
				PRODUCT_NAME = "$(TARGET_NAME)";
				SWIFT_VERSION = 5.0;
				TEST_HOST = "$(BUILT_PRODUCTS_DIR)/Bash Commander.app/Contents/MacOS/Bash Commander";
			};
			name = Release;
		};
		0A564255255C472F00607AA9 /* Debug */ = {
			isa = XCBuildConfiguration;
			buildSettings = {
				ALWAYS_EMBED_SWIFT_STANDARD_LIBRARIES = YES;
				CODE_SIGN_STYLE = Automatic;
				COMBINE_HIDPI_IMAGES = YES;
				INFOPLIST_FILE = "Bash CommanderUITests/Info.plist";
				LD_RUNPATH_SEARCH_PATHS = (
					"$(inherited)",
					"@executable_path/../Frameworks",
					"@loader_path/../Frameworks",
				);
				PRODUCT_BUNDLE_IDENTIFIER = "de.brickmakers.Bash-CommanderUITests";
				PRODUCT_NAME = "$(TARGET_NAME)";
				SWIFT_VERSION = 5.0;
				TEST_TARGET_NAME = "Bash Commander";
			};
			name = Debug;
		};
		0A564256255C472F00607AA9 /* Release */ = {
			isa = XCBuildConfiguration;
			buildSettings = {
				ALWAYS_EMBED_SWIFT_STANDARD_LIBRARIES = YES;
				CODE_SIGN_STYLE = Automatic;
				COMBINE_HIDPI_IMAGES = YES;
				INFOPLIST_FILE = "Bash CommanderUITests/Info.plist";
				LD_RUNPATH_SEARCH_PATHS = (
					"$(inherited)",
					"@executable_path/../Frameworks",
					"@loader_path/../Frameworks",
				);
				PRODUCT_BUNDLE_IDENTIFIER = "de.brickmakers.Bash-CommanderUITests";
				PRODUCT_NAME = "$(TARGET_NAME)";
				SWIFT_VERSION = 5.0;
				TEST_TARGET_NAME = "Bash Commander";
			};
			name = Release;
		};
/* End XCBuildConfiguration section */

/* Begin XCConfigurationList section */
		0A564220255C472B00607AA9 /* Build configuration list for PBXProject "Bash Commander" */ = {
			isa = XCConfigurationList;
			buildConfigurations = (
				0A56424C255C472F00607AA9 /* Debug */,
				0A56424D255C472F00607AA9 /* Release */,
			);
			defaultConfigurationIsVisible = 0;
			defaultConfigurationName = Release;
		};
		0A56424E255C472F00607AA9 /* Build configuration list for PBXNativeTarget "Bash Commander" */ = {
			isa = XCConfigurationList;
			buildConfigurations = (
				0A56424F255C472F00607AA9 /* Debug */,
				0A564250255C472F00607AA9 /* Release */,
			);
			defaultConfigurationIsVisible = 0;
			defaultConfigurationName = Release;
		};
		0A564251255C472F00607AA9 /* Build configuration list for PBXNativeTarget "Bash CommanderTests" */ = {
			isa = XCConfigurationList;
			buildConfigurations = (
				0A564252255C472F00607AA9 /* Debug */,
				0A564253255C472F00607AA9 /* Release */,
			);
			defaultConfigurationIsVisible = 0;
			defaultConfigurationName = Release;
		};
		0A564254255C472F00607AA9 /* Build configuration list for PBXNativeTarget "Bash CommanderUITests" */ = {
			isa = XCConfigurationList;
			buildConfigurations = (
				0A564255255C472F00607AA9 /* Debug */,
				0A564256255C472F00607AA9 /* Release */,
			);
			defaultConfigurationIsVisible = 0;
			defaultConfigurationName = Release;
		};
/* End XCConfigurationList section */

/* Begin XCRemoteSwiftPackageReference section */
		0A3790CE255D340B00403E5C /* XCRemoteSwiftPackageReference "swift-ioc-container" */ = {
			isa = XCRemoteSwiftPackageReference;
			repositoryURL = "https://github.com/BrickmakersGmbH/swift-ioc-container.git";
			requirement = {
				kind = upToNextMajorVersion;
				minimumVersion = 0.3.1;
			};
		};
		0A920C6425A4B22400B41641 /* XCRemoteSwiftPackageReference "RxSwift" */ = {
			isa = XCRemoteSwiftPackageReference;
			repositoryURL = "https://github.com/ReactiveX/RxSwift";
			requirement = {
				kind = upToNextMajorVersion;
				minimumVersion = 6.0.0;
			};
		};
/* End XCRemoteSwiftPackageReference section */

/* Begin XCSwiftPackageProductDependency section */
		0A3790CF255D340B00403E5C /* Swift_IoC_Container */ = {
			isa = XCSwiftPackageProductDependency;
			package = 0A3790CE255D340B00403E5C /* XCRemoteSwiftPackageReference "swift-ioc-container" */;
			productName = Swift_IoC_Container;
		};
		0A920C6525A4B22400B41641 /* RxSwift */ = {
			isa = XCSwiftPackageProductDependency;
			package = 0A920C6425A4B22400B41641 /* XCRemoteSwiftPackageReference "RxSwift" */;
			productName = RxSwift;
		};
/* End XCSwiftPackageProductDependency section */

/* Begin XCVersionGroup section */
		0A5A0D64255DAE3C00A19757 /* Commands.xcdatamodeld */ = {
			isa = XCVersionGroup;
			children = (
				0A5A0D65255DAE3C00A19757 /* Commands.xcdatamodel */,
			);
			currentVersion = 0A5A0D65255DAE3C00A19757 /* Commands.xcdatamodel */;
			path = Commands.xcdatamodeld;
			sourceTree = "<group>";
			versionGroupType = wrapper.xcdatamodel;
		};
/* End XCVersionGroup section */
	};
	rootObject = 0A56421D255C472B00607AA9 /* Project object */;
}
